// !$*UTF8*$!
{
	archiveVersion = 1;
	classes = {
	};
	objectVersion = 46;
	objects = {

/* Begin PBXBuildFile section */
		08AD167A2600759800CD5B14 /* handle_auth.c in Sources */ = {isa = PBXBuildFile; fileRef = 08AD16582600759800CD5B14 /* handle_auth.c */; };
		08AD167B2600759800CD5B14 /* handle_connack.c in Sources */ = {isa = PBXBuildFile; fileRef = 08AD16592600759800CD5B14 /* handle_connack.c */; };
		08AD167C2600759800CD5B14 /* connect.c in Sources */ = {isa = PBXBuildFile; fileRef = 08AD165A2600759800CD5B14 /* connect.c */; };
		08AD167D2600759800CD5B14 /* handle_pubrel.c in Sources */ = {isa = PBXBuildFile; fileRef = 08AD165B2600759800CD5B14 /* handle_pubrel.c */; };
		08AD167E2600759800CD5B14 /* property_mosq.h in Headers */ = {isa = PBXBuildFile; fileRef = 08AD165C2600759800CD5B14 /* property_mosq.h */; };
		08AD167F2600759800CD5B14 /* handle_unsuback.c in Sources */ = {isa = PBXBuildFile; fileRef = 08AD165D2600759800CD5B14 /* handle_unsuback.c */; };
		08AD16802600759800CD5B14 /* send_subscribe.c in Sources */ = {isa = PBXBuildFile; fileRef = 08AD165E2600759800CD5B14 /* send_subscribe.c */; };
		08AD16812600759800CD5B14 /* net_mosq_ocsp.c in Sources */ = {isa = PBXBuildFile; fileRef = 08AD165F2600759800CD5B14 /* net_mosq_ocsp.c */; };
		08AD16822600759800CD5B14 /* util_topic.c in Sources */ = {isa = PBXBuildFile; fileRef = 08AD16602600759800CD5B14 /* util_topic.c */; };
		08AD16832600759800CD5B14 /* helpers.c in Sources */ = {isa = PBXBuildFile; fileRef = 08AD16612600759800CD5B14 /* helpers.c */; };
		08AD16842600759800CD5B14 /* send_publish.c in Sources */ = {isa = PBXBuildFile; fileRef = 08AD16622600759800CD5B14 /* send_publish.c */; };
		08AD16852600759800CD5B14 /* send_connect.c in Sources */ = {isa = PBXBuildFile; fileRef = 08AD16632600759800CD5B14 /* send_connect.c */; };
		08AD16862600759800CD5B14 /* handle_ping.c in Sources */ = {isa = PBXBuildFile; fileRef = 08AD16642600759800CD5B14 /* handle_ping.c */; };
		08AD16872600759800CD5B14 /* property_mosq.c in Sources */ = {isa = PBXBuildFile; fileRef = 08AD16652600759800CD5B14 /* property_mosq.c */; };
		08AD16882600759800CD5B14 /* send_unsubscribe.c in Sources */ = {isa = PBXBuildFile; fileRef = 08AD16662600759800CD5B14 /* send_unsubscribe.c */; };
		08AD16892600759800CD5B14 /* loop.c in Sources */ = {isa = PBXBuildFile; fileRef = 08AD16672600759800CD5B14 /* loop.c */; };
		08AD168A2600759800CD5B14 /* utf8_mosq.c in Sources */ = {isa = PBXBuildFile; fileRef = 08AD16682600759800CD5B14 /* utf8_mosq.c */; };
		08AD168B2600759800CD5B14 /* alias_mosq.c in Sources */ = {isa = PBXBuildFile; fileRef = 08AD16692600759800CD5B14 /* alias_mosq.c */; };
		08AD168C2600759800CD5B14 /* options.c in Sources */ = {isa = PBXBuildFile; fileRef = 08AD166A2600759800CD5B14 /* options.c */; };
		08AD168D2600759800CD5B14 /* packet_datatypes.c in Sources */ = {isa = PBXBuildFile; fileRef = 08AD166B2600759800CD5B14 /* packet_datatypes.c */; };
		08AD168E2600759800CD5B14 /* handle_publish.c in Sources */ = {isa = PBXBuildFile; fileRef = 08AD166C2600759800CD5B14 /* handle_publish.c */; };
		08AD168F2600759800CD5B14 /* misc_mosq.c in Sources */ = {isa = PBXBuildFile; fileRef = 08AD166D2600759800CD5B14 /* misc_mosq.c */; };
		08AD16902600759800CD5B14 /* misc_mosq.h in Headers */ = {isa = PBXBuildFile; fileRef = 08AD166E2600759800CD5B14 /* misc_mosq.h */; };
		08AD16912600759800CD5B14 /* handle_suback.c in Sources */ = {isa = PBXBuildFile; fileRef = 08AD166F2600759800CD5B14 /* handle_suback.c */; };
		08AD16922600759800CD5B14 /* alias_mosq.h in Headers */ = {isa = PBXBuildFile; fileRef = 08AD16702600759800CD5B14 /* alias_mosq.h */; };
		08AD16932600759800CD5B14 /* actions.c in Sources */ = {isa = PBXBuildFile; fileRef = 08AD16712600759800CD5B14 /* actions.c */; };
		08AD16942600759800CD5B14 /* handle_pubackcomp.c in Sources */ = {isa = PBXBuildFile; fileRef = 08AD16722600759800CD5B14 /* handle_pubackcomp.c */; };
		08AD16952600759800CD5B14 /* packet_mosq.h in Headers */ = {isa = PBXBuildFile; fileRef = 08AD16732600759800CD5B14 /* packet_mosq.h */; };
		08AD16962600759800CD5B14 /* send_disconnect.c in Sources */ = {isa = PBXBuildFile; fileRef = 08AD16742600759800CD5B14 /* send_disconnect.c */; };
		08AD16972600759800CD5B14 /* strings_mosq.c in Sources */ = {isa = PBXBuildFile; fileRef = 08AD16752600759800CD5B14 /* strings_mosq.c */; };
		08AD16982600759800CD5B14 /* handle_pubrec.c in Sources */ = {isa = PBXBuildFile; fileRef = 08AD16762600759800CD5B14 /* handle_pubrec.c */; };
		08AD16992600759800CD5B14 /* callbacks.c in Sources */ = {isa = PBXBuildFile; fileRef = 08AD16772600759800CD5B14 /* callbacks.c */; };
		08AD169A2600759800CD5B14 /* handle_disconnect.c in Sources */ = {isa = PBXBuildFile; fileRef = 08AD16782600759800CD5B14 /* handle_disconnect.c */; };
		08AD169B2600759800CD5B14 /* packet_mosq.c in Sources */ = {isa = PBXBuildFile; fileRef = 08AD16792600759800CD5B14 /* packet_mosq.c */; };
		08AD16A4260075E500CD5B14 /* mosquitto_plugin.h in Headers */ = {isa = PBXBuildFile; fileRef = 08AD16A0260075E500CD5B14 /* mosquitto_plugin.h */; };
		08AD16A5260075E500CD5B14 /* mosquitto.h in Headers */ = {isa = PBXBuildFile; fileRef = 08AD16A1260075E500CD5B14 /* mosquitto.h */; settings = {ATTRIBUTES = (Public, ); }; };
		08AD16A6260075E500CD5B14 /* mqtt_protocol.h in Headers */ = {isa = PBXBuildFile; fileRef = 08AD16A2260075E500CD5B14 /* mqtt_protocol.h */; };
		08AD16A7260075E500CD5B14 /* mosquitto_broker.h in Headers */ = {isa = PBXBuildFile; fileRef = 08AD16A3260075E500CD5B14 /* mosquitto_broker.h */; };
		08AD16AC2600760100CD5B14 /* uthash.h in Headers */ = {isa = PBXBuildFile; fileRef = 08AD16AA2600760100CD5B14 /* uthash.h */; };
		08AD16AD2600760100CD5B14 /* utlist.h in Headers */ = {isa = PBXBuildFile; fileRef = 08AD16AB2600760100CD5B14 /* utlist.h */; };
		08AD16B3260076F700CD5B14 /* config.h in Headers */ = {isa = PBXBuildFile; fileRef = 08AD16B2260076F700CD5B14 /* config.h */; };
		094821041B0E2EB600099178 /* socks_mosq.c in Sources */ = {isa = PBXBuildFile; fileRef = 094821021B0E2EB600099178 /* socks_mosq.c */; };
		094821051B0E2EB600099178 /* socks_mosq.h in Headers */ = {isa = PBXBuildFile; fileRef = 094821031B0E2EB600099178 /* socks_mosq.h */; };
		09CF6B191A21F78700A97383 /* Moscapsule.h in Headers */ = {isa = PBXBuildFile; fileRef = 09CF6B181A21F78700A97383 /* Moscapsule.h */; settings = {ATTRIBUTES = (Public, ); }; };
		09CF6B1F1A21F78700A97383 /* Moscapsule.framework in Frameworks */ = {isa = PBXBuildFile; fileRef = 09CF6B131A21F78700A97383 /* Moscapsule.framework */; };
		09CF6B261A21F78700A97383 /* MoscapsuleTests.swift in Sources */ = {isa = PBXBuildFile; fileRef = 09CF6B251A21F78700A97383 /* MoscapsuleTests.swift */; };
		09CF6B4F1A21F7E600A97383 /* dummypthread.h in Headers */ = {isa = PBXBuildFile; fileRef = 09CF6B311A21F7E600A97383 /* dummypthread.h */; };
		09CF6B501A21F7E600A97383 /* logging_mosq.c in Sources */ = {isa = PBXBuildFile; fileRef = 09CF6B321A21F7E600A97383 /* logging_mosq.c */; };
		09CF6B511A21F7E600A97383 /* logging_mosq.h in Headers */ = {isa = PBXBuildFile; fileRef = 09CF6B331A21F7E600A97383 /* logging_mosq.h */; };
		09CF6B521A21F7E600A97383 /* memory_mosq.c in Sources */ = {isa = PBXBuildFile; fileRef = 09CF6B341A21F7E600A97383 /* memory_mosq.c */; };
		09CF6B531A21F7E600A97383 /* memory_mosq.h in Headers */ = {isa = PBXBuildFile; fileRef = 09CF6B351A21F7E600A97383 /* memory_mosq.h */; };
		09CF6B541A21F7E600A97383 /* messages_mosq.c in Sources */ = {isa = PBXBuildFile; fileRef = 09CF6B361A21F7E600A97383 /* messages_mosq.c */; };
		09CF6B551A21F7E600A97383 /* messages_mosq.h in Headers */ = {isa = PBXBuildFile; fileRef = 09CF6B371A21F7E600A97383 /* messages_mosq.h */; };
		09CF6B561A21F7E600A97383 /* mosquitto_internal.h in Headers */ = {isa = PBXBuildFile; fileRef = 09CF6B381A21F7E600A97383 /* mosquitto_internal.h */; };
		09CF6B571A21F7E600A97383 /* mosquitto.c in Sources */ = {isa = PBXBuildFile; fileRef = 09CF6B391A21F7E600A97383 /* mosquitto.c */; };
		09CF6B5A1A21F7E600A97383 /* net_mosq.c in Sources */ = {isa = PBXBuildFile; fileRef = 09CF6B3C1A21F7E600A97383 /* net_mosq.c */; };
		09CF6B5B1A21F7E600A97383 /* net_mosq.h in Headers */ = {isa = PBXBuildFile; fileRef = 09CF6B3D1A21F7E600A97383 /* net_mosq.h */; };
		09CF6B5E1A21F7E600A97383 /* read_handle.c in Sources */ = {isa = PBXBuildFile; fileRef = 09CF6B401A21F7E600A97383 /* read_handle.c */; };
		09CF6B5F1A21F7E600A97383 /* read_handle.h in Headers */ = {isa = PBXBuildFile; fileRef = 09CF6B411A21F7E600A97383 /* read_handle.h */; };
		09CF6B611A21F7E600A97383 /* send_mosq.c in Sources */ = {isa = PBXBuildFile; fileRef = 09CF6B431A21F7E600A97383 /* send_mosq.c */; };
		09CF6B621A21F7E600A97383 /* send_mosq.h in Headers */ = {isa = PBXBuildFile; fileRef = 09CF6B441A21F7E600A97383 /* send_mosq.h */; };
		09CF6B631A21F7E600A97383 /* srv_mosq.c in Sources */ = {isa = PBXBuildFile; fileRef = 09CF6B451A21F7E600A97383 /* srv_mosq.c */; };
		09CF6B641A21F7E600A97383 /* thread_mosq.c in Sources */ = {isa = PBXBuildFile; fileRef = 09CF6B461A21F7E600A97383 /* thread_mosq.c */; };
		09CF6B651A21F7E600A97383 /* time_mosq.c in Sources */ = {isa = PBXBuildFile; fileRef = 09CF6B471A21F7E600A97383 /* time_mosq.c */; };
		09CF6B661A21F7E600A97383 /* time_mosq.h in Headers */ = {isa = PBXBuildFile; fileRef = 09CF6B481A21F7E600A97383 /* time_mosq.h */; };
		09CF6B671A21F7E600A97383 /* tls_mosq.c in Sources */ = {isa = PBXBuildFile; fileRef = 09CF6B491A21F7E600A97383 /* tls_mosq.c */; };
		09CF6B681A21F7E600A97383 /* tls_mosq.h in Headers */ = {isa = PBXBuildFile; fileRef = 09CF6B4A1A21F7E600A97383 /* tls_mosq.h */; };
		09CF6B691A21F7E600A97383 /* util_mosq.c in Sources */ = {isa = PBXBuildFile; fileRef = 09CF6B4B1A21F7E600A97383 /* util_mosq.c */; };
		09CF6B6A1A21F7E600A97383 /* util_mosq.h in Headers */ = {isa = PBXBuildFile; fileRef = 09CF6B4C1A21F7E600A97383 /* util_mosq.h */; };
		09CF6B6B1A21F7E600A97383 /* will_mosq.c in Sources */ = {isa = PBXBuildFile; fileRef = 09CF6B4D1A21F7E600A97383 /* will_mosq.c */; };
		09CF6B6C1A21F7E600A97383 /* will_mosq.h in Headers */ = {isa = PBXBuildFile; fileRef = 09CF6B4E1A21F7E600A97383 /* will_mosq.h */; };
		09CF6B701A21F88000A97383 /* Moscapsule.swift in Sources */ = {isa = PBXBuildFile; fileRef = 09CF6B6F1A21F88000A97383 /* Moscapsule.swift */; };
		09FB79171BB6FA4100B22BAA /* cert.bundle in Resources */ = {isa = PBXBuildFile; fileRef = 09FB79161BB6FA4100B22BAA /* cert.bundle */; };
		C7360CC31A2435A8001F490F /* MosquittoCallbackBridge.m in Sources */ = {isa = PBXBuildFile; fileRef = C7360CC21A2435A8001F490F /* MosquittoCallbackBridge.m */; };
		C7360CC51A243AB9001F490F /* MosquittoCallbackBridge.h in Headers */ = {isa = PBXBuildFile; fileRef = C7360CC41A243949001F490F /* MosquittoCallbackBridge.h */; settings = {ATTRIBUTES = (Public, ); }; };
/* End PBXBuildFile section */

/* Begin PBXContainerItemProxy section */
		09CF6B201A21F78700A97383 /* PBXContainerItemProxy */ = {
			isa = PBXContainerItemProxy;
			containerPortal = 09CF6B0A1A21F78700A97383 /* Project object */;
			proxyType = 1;
			remoteGlobalIDString = 09CF6B121A21F78700A97383;
			remoteInfo = Moscapsule;
		};
/* End PBXContainerItemProxy section */

/* Begin PBXFileReference section */
		08AD16582600759800CD5B14 /* handle_auth.c */ = {isa = PBXFileReference; fileEncoding = 4; lastKnownFileType = sourcecode.c.c; name = handle_auth.c; path = mosquitto/lib/handle_auth.c; sourceTree = "<group>"; };
		08AD16592600759800CD5B14 /* handle_connack.c */ = {isa = PBXFileReference; fileEncoding = 4; lastKnownFileType = sourcecode.c.c; name = handle_connack.c; path = mosquitto/lib/handle_connack.c; sourceTree = "<group>"; };
		08AD165A2600759800CD5B14 /* connect.c */ = {isa = PBXFileReference; fileEncoding = 4; lastKnownFileType = sourcecode.c.c; name = connect.c; path = mosquitto/lib/connect.c; sourceTree = "<group>"; };
		08AD165B2600759800CD5B14 /* handle_pubrel.c */ = {isa = PBXFileReference; fileEncoding = 4; lastKnownFileType = sourcecode.c.c; name = handle_pubrel.c; path = mosquitto/lib/handle_pubrel.c; sourceTree = "<group>"; };
		08AD165C2600759800CD5B14 /* property_mosq.h */ = {isa = PBXFileReference; fileEncoding = 4; lastKnownFileType = sourcecode.c.h; name = property_mosq.h; path = mosquitto/lib/property_mosq.h; sourceTree = "<group>"; };
		08AD165D2600759800CD5B14 /* handle_unsuback.c */ = {isa = PBXFileReference; fileEncoding = 4; lastKnownFileType = sourcecode.c.c; name = handle_unsuback.c; path = mosquitto/lib/handle_unsuback.c; sourceTree = "<group>"; };
		08AD165E2600759800CD5B14 /* send_subscribe.c */ = {isa = PBXFileReference; fileEncoding = 4; lastKnownFileType = sourcecode.c.c; name = send_subscribe.c; path = mosquitto/lib/send_subscribe.c; sourceTree = "<group>"; };
		08AD165F2600759800CD5B14 /* net_mosq_ocsp.c */ = {isa = PBXFileReference; fileEncoding = 4; lastKnownFileType = sourcecode.c.c; name = net_mosq_ocsp.c; path = mosquitto/lib/net_mosq_ocsp.c; sourceTree = "<group>"; };
		08AD16602600759800CD5B14 /* util_topic.c */ = {isa = PBXFileReference; fileEncoding = 4; lastKnownFileType = sourcecode.c.c; name = util_topic.c; path = mosquitto/lib/util_topic.c; sourceTree = "<group>"; };
		08AD16612600759800CD5B14 /* helpers.c */ = {isa = PBXFileReference; fileEncoding = 4; lastKnownFileType = sourcecode.c.c; name = helpers.c; path = mosquitto/lib/helpers.c; sourceTree = "<group>"; };
		08AD16622600759800CD5B14 /* send_publish.c */ = {isa = PBXFileReference; fileEncoding = 4; lastKnownFileType = sourcecode.c.c; name = send_publish.c; path = mosquitto/lib/send_publish.c; sourceTree = "<group>"; };
		08AD16632600759800CD5B14 /* send_connect.c */ = {isa = PBXFileReference; fileEncoding = 4; lastKnownFileType = sourcecode.c.c; name = send_connect.c; path = mosquitto/lib/send_connect.c; sourceTree = "<group>"; };
		08AD16642600759800CD5B14 /* handle_ping.c */ = {isa = PBXFileReference; fileEncoding = 4; lastKnownFileType = sourcecode.c.c; name = handle_ping.c; path = mosquitto/lib/handle_ping.c; sourceTree = "<group>"; };
		08AD16652600759800CD5B14 /* property_mosq.c */ = {isa = PBXFileReference; fileEncoding = 4; lastKnownFileType = sourcecode.c.c; name = property_mosq.c; path = mosquitto/lib/property_mosq.c; sourceTree = "<group>"; };
		08AD16662600759800CD5B14 /* send_unsubscribe.c */ = {isa = PBXFileReference; fileEncoding = 4; lastKnownFileType = sourcecode.c.c; name = send_unsubscribe.c; path = mosquitto/lib/send_unsubscribe.c; sourceTree = "<group>"; };
		08AD16672600759800CD5B14 /* loop.c */ = {isa = PBXFileReference; fileEncoding = 4; lastKnownFileType = sourcecode.c.c; name = loop.c; path = mosquitto/lib/loop.c; sourceTree = "<group>"; };
		08AD16682600759800CD5B14 /* utf8_mosq.c */ = {isa = PBXFileReference; fileEncoding = 4; lastKnownFileType = sourcecode.c.c; name = utf8_mosq.c; path = mosquitto/lib/utf8_mosq.c; sourceTree = "<group>"; };
		08AD16692600759800CD5B14 /* alias_mosq.c */ = {isa = PBXFileReference; fileEncoding = 4; lastKnownFileType = sourcecode.c.c; name = alias_mosq.c; path = mosquitto/lib/alias_mosq.c; sourceTree = "<group>"; };
		08AD166A2600759800CD5B14 /* options.c */ = {isa = PBXFileReference; fileEncoding = 4; lastKnownFileType = sourcecode.c.c; name = options.c; path = mosquitto/lib/options.c; sourceTree = "<group>"; };
		08AD166B2600759800CD5B14 /* packet_datatypes.c */ = {isa = PBXFileReference; fileEncoding = 4; lastKnownFileType = sourcecode.c.c; name = packet_datatypes.c; path = mosquitto/lib/packet_datatypes.c; sourceTree = "<group>"; };
		08AD166C2600759800CD5B14 /* handle_publish.c */ = {isa = PBXFileReference; fileEncoding = 4; lastKnownFileType = sourcecode.c.c; name = handle_publish.c; path = mosquitto/lib/handle_publish.c; sourceTree = "<group>"; };
		08AD166D2600759800CD5B14 /* misc_mosq.c */ = {isa = PBXFileReference; fileEncoding = 4; lastKnownFileType = sourcecode.c.c; name = misc_mosq.c; path = mosquitto/lib/misc_mosq.c; sourceTree = "<group>"; };
		08AD166E2600759800CD5B14 /* misc_mosq.h */ = {isa = PBXFileReference; fileEncoding = 4; lastKnownFileType = sourcecode.c.h; name = misc_mosq.h; path = mosquitto/lib/misc_mosq.h; sourceTree = "<group>"; };
		08AD166F2600759800CD5B14 /* handle_suback.c */ = {isa = PBXFileReference; fileEncoding = 4; lastKnownFileType = sourcecode.c.c; name = handle_suback.c; path = mosquitto/lib/handle_suback.c; sourceTree = "<group>"; };
		08AD16702600759800CD5B14 /* alias_mosq.h */ = {isa = PBXFileReference; fileEncoding = 4; lastKnownFileType = sourcecode.c.h; name = alias_mosq.h; path = mosquitto/lib/alias_mosq.h; sourceTree = "<group>"; };
		08AD16712600759800CD5B14 /* actions.c */ = {isa = PBXFileReference; fileEncoding = 4; lastKnownFileType = sourcecode.c.c; name = actions.c; path = mosquitto/lib/actions.c; sourceTree = "<group>"; };
		08AD16722600759800CD5B14 /* handle_pubackcomp.c */ = {isa = PBXFileReference; fileEncoding = 4; lastKnownFileType = sourcecode.c.c; name = handle_pubackcomp.c; path = mosquitto/lib/handle_pubackcomp.c; sourceTree = "<group>"; };
		08AD16732600759800CD5B14 /* packet_mosq.h */ = {isa = PBXFileReference; fileEncoding = 4; lastKnownFileType = sourcecode.c.h; name = packet_mosq.h; path = mosquitto/lib/packet_mosq.h; sourceTree = "<group>"; };
		08AD16742600759800CD5B14 /* send_disconnect.c */ = {isa = PBXFileReference; fileEncoding = 4; lastKnownFileType = sourcecode.c.c; name = send_disconnect.c; path = mosquitto/lib/send_disconnect.c; sourceTree = "<group>"; };
		08AD16752600759800CD5B14 /* strings_mosq.c */ = {isa = PBXFileReference; fileEncoding = 4; lastKnownFileType = sourcecode.c.c; name = strings_mosq.c; path = mosquitto/lib/strings_mosq.c; sourceTree = "<group>"; };
		08AD16762600759800CD5B14 /* handle_pubrec.c */ = {isa = PBXFileReference; fileEncoding = 4; lastKnownFileType = sourcecode.c.c; name = handle_pubrec.c; path = mosquitto/lib/handle_pubrec.c; sourceTree = "<group>"; };
		08AD16772600759800CD5B14 /* callbacks.c */ = {isa = PBXFileReference; fileEncoding = 4; lastKnownFileType = sourcecode.c.c; name = callbacks.c; path = mosquitto/lib/callbacks.c; sourceTree = "<group>"; };
		08AD16782600759800CD5B14 /* handle_disconnect.c */ = {isa = PBXFileReference; fileEncoding = 4; lastKnownFileType = sourcecode.c.c; name = handle_disconnect.c; path = mosquitto/lib/handle_disconnect.c; sourceTree = "<group>"; };
		08AD16792600759800CD5B14 /* packet_mosq.c */ = {isa = PBXFileReference; fileEncoding = 4; lastKnownFileType = sourcecode.c.c; name = packet_mosq.c; path = mosquitto/lib/packet_mosq.c; sourceTree = "<group>"; };
		08AD16A0260075E500CD5B14 /* mosquitto_plugin.h */ = {isa = PBXFileReference; fileEncoding = 4; lastKnownFileType = sourcecode.c.h; name = mosquitto_plugin.h; path = mosquitto/include/mosquitto_plugin.h; sourceTree = "<group>"; };
		08AD16A1260075E500CD5B14 /* mosquitto.h */ = {isa = PBXFileReference; fileEncoding = 4; lastKnownFileType = sourcecode.c.h; name = mosquitto.h; path = mosquitto/include/mosquitto.h; sourceTree = "<group>"; };
		08AD16A2260075E500CD5B14 /* mqtt_protocol.h */ = {isa = PBXFileReference; fileEncoding = 4; lastKnownFileType = sourcecode.c.h; name = mqtt_protocol.h; path = mosquitto/include/mqtt_protocol.h; sourceTree = "<group>"; };
		08AD16A3260075E500CD5B14 /* mosquitto_broker.h */ = {isa = PBXFileReference; fileEncoding = 4; lastKnownFileType = sourcecode.c.h; name = mosquitto_broker.h; path = mosquitto/include/mosquitto_broker.h; sourceTree = "<group>"; };
		08AD16AA2600760100CD5B14 /* uthash.h */ = {isa = PBXFileReference; fileEncoding = 4; lastKnownFileType = sourcecode.c.h; name = uthash.h; path = mosquitto/deps/uthash.h; sourceTree = "<group>"; };
		08AD16AB2600760100CD5B14 /* utlist.h */ = {isa = PBXFileReference; fileEncoding = 4; lastKnownFileType = sourcecode.c.h; name = utlist.h; path = mosquitto/deps/utlist.h; sourceTree = "<group>"; };
		08AD16B2260076F700CD5B14 /* config.h */ = {isa = PBXFileReference; fileEncoding = 4; lastKnownFileType = sourcecode.c.h; name = config.h; path = mosquitto/config.h; sourceTree = "<group>"; };
		094821021B0E2EB600099178 /* socks_mosq.c */ = {isa = PBXFileReference; fileEncoding = 4; lastKnownFileType = sourcecode.c.c; name = socks_mosq.c; path = mosquitto/lib/socks_mosq.c; sourceTree = "<group>"; };
		094821031B0E2EB600099178 /* socks_mosq.h */ = {isa = PBXFileReference; fileEncoding = 4; lastKnownFileType = sourcecode.c.h; name = socks_mosq.h; path = mosquitto/lib/socks_mosq.h; sourceTree = "<group>"; };
		09CF6B131A21F78700A97383 /* Moscapsule.framework */ = {isa = PBXFileReference; explicitFileType = wrapper.framework; includeInIndex = 0; path = Moscapsule.framework; sourceTree = BUILT_PRODUCTS_DIR; };
		09CF6B171A21F78700A97383 /* Info.plist */ = {isa = PBXFileReference; lastKnownFileType = text.plist.xml; path = Info.plist; sourceTree = "<group>"; };
		09CF6B181A21F78700A97383 /* Moscapsule.h */ = {isa = PBXFileReference; lastKnownFileType = sourcecode.c.h; path = Moscapsule.h; sourceTree = "<group>"; };
		09CF6B1E1A21F78700A97383 /* MoscapsuleTests.xctest */ = {isa = PBXFileReference; explicitFileType = wrapper.cfbundle; includeInIndex = 0; path = MoscapsuleTests.xctest; sourceTree = BUILT_PRODUCTS_DIR; };
		09CF6B241A21F78700A97383 /* Info.plist */ = {isa = PBXFileReference; lastKnownFileType = text.plist.xml; path = Info.plist; sourceTree = "<group>"; };
		09CF6B251A21F78700A97383 /* MoscapsuleTests.swift */ = {isa = PBXFileReference; lastKnownFileType = sourcecode.swift; path = MoscapsuleTests.swift; sourceTree = "<group>"; };
		09CF6B311A21F7E600A97383 /* dummypthread.h */ = {isa = PBXFileReference; fileEncoding = 4; lastKnownFileType = sourcecode.c.h; name = dummypthread.h; path = mosquitto/lib/dummypthread.h; sourceTree = "<group>"; };
		09CF6B321A21F7E600A97383 /* logging_mosq.c */ = {isa = PBXFileReference; fileEncoding = 4; lastKnownFileType = sourcecode.c.c; name = logging_mosq.c; path = mosquitto/lib/logging_mosq.c; sourceTree = "<group>"; };
		09CF6B331A21F7E600A97383 /* logging_mosq.h */ = {isa = PBXFileReference; fileEncoding = 4; lastKnownFileType = sourcecode.c.h; name = logging_mosq.h; path = mosquitto/lib/logging_mosq.h; sourceTree = "<group>"; };
		09CF6B341A21F7E600A97383 /* memory_mosq.c */ = {isa = PBXFileReference; fileEncoding = 4; lastKnownFileType = sourcecode.c.c; name = memory_mosq.c; path = mosquitto/lib/memory_mosq.c; sourceTree = "<group>"; };
		09CF6B351A21F7E600A97383 /* memory_mosq.h */ = {isa = PBXFileReference; fileEncoding = 4; lastKnownFileType = sourcecode.c.h; name = memory_mosq.h; path = mosquitto/lib/memory_mosq.h; sourceTree = "<group>"; };
		09CF6B361A21F7E600A97383 /* messages_mosq.c */ = {isa = PBXFileReference; fileEncoding = 4; lastKnownFileType = sourcecode.c.c; name = messages_mosq.c; path = mosquitto/lib/messages_mosq.c; sourceTree = "<group>"; };
		09CF6B371A21F7E600A97383 /* messages_mosq.h */ = {isa = PBXFileReference; fileEncoding = 4; lastKnownFileType = sourcecode.c.h; name = messages_mosq.h; path = mosquitto/lib/messages_mosq.h; sourceTree = "<group>"; };
		09CF6B381A21F7E600A97383 /* mosquitto_internal.h */ = {isa = PBXFileReference; fileEncoding = 4; lastKnownFileType = sourcecode.c.h; name = mosquitto_internal.h; path = mosquitto/lib/mosquitto_internal.h; sourceTree = "<group>"; };
		09CF6B391A21F7E600A97383 /* mosquitto.c */ = {isa = PBXFileReference; fileEncoding = 4; lastKnownFileType = sourcecode.c.c; name = mosquitto.c; path = mosquitto/lib/mosquitto.c; sourceTree = "<group>"; };
		09CF6B3C1A21F7E600A97383 /* net_mosq.c */ = {isa = PBXFileReference; fileEncoding = 4; lastKnownFileType = sourcecode.c.c; name = net_mosq.c; path = mosquitto/lib/net_mosq.c; sourceTree = "<group>"; };
		09CF6B3D1A21F7E600A97383 /* net_mosq.h */ = {isa = PBXFileReference; fileEncoding = 4; lastKnownFileType = sourcecode.c.h; name = net_mosq.h; path = mosquitto/lib/net_mosq.h; sourceTree = "<group>"; };
		09CF6B401A21F7E600A97383 /* read_handle.c */ = {isa = PBXFileReference; fileEncoding = 4; lastKnownFileType = sourcecode.c.c; name = read_handle.c; path = mosquitto/lib/read_handle.c; sourceTree = "<group>"; };
		09CF6B411A21F7E600A97383 /* read_handle.h */ = {isa = PBXFileReference; fileEncoding = 4; lastKnownFileType = sourcecode.c.h; name = read_handle.h; path = mosquitto/lib/read_handle.h; sourceTree = "<group>"; };
		09CF6B431A21F7E600A97383 /* send_mosq.c */ = {isa = PBXFileReference; fileEncoding = 4; lastKnownFileType = sourcecode.c.c; name = send_mosq.c; path = mosquitto/lib/send_mosq.c; sourceTree = "<group>"; };
		09CF6B441A21F7E600A97383 /* send_mosq.h */ = {isa = PBXFileReference; fileEncoding = 4; lastKnownFileType = sourcecode.c.h; name = send_mosq.h; path = mosquitto/lib/send_mosq.h; sourceTree = "<group>"; };
		09CF6B451A21F7E600A97383 /* srv_mosq.c */ = {isa = PBXFileReference; fileEncoding = 4; lastKnownFileType = sourcecode.c.c; name = srv_mosq.c; path = mosquitto/lib/srv_mosq.c; sourceTree = "<group>"; };
		09CF6B461A21F7E600A97383 /* thread_mosq.c */ = {isa = PBXFileReference; fileEncoding = 4; lastKnownFileType = sourcecode.c.c; name = thread_mosq.c; path = mosquitto/lib/thread_mosq.c; sourceTree = "<group>"; };
		09CF6B471A21F7E600A97383 /* time_mosq.c */ = {isa = PBXFileReference; fileEncoding = 4; lastKnownFileType = sourcecode.c.c; name = time_mosq.c; path = mosquitto/lib/time_mosq.c; sourceTree = "<group>"; };
		09CF6B481A21F7E600A97383 /* time_mosq.h */ = {isa = PBXFileReference; fileEncoding = 4; lastKnownFileType = sourcecode.c.h; name = time_mosq.h; path = mosquitto/lib/time_mosq.h; sourceTree = "<group>"; };
		09CF6B491A21F7E600A97383 /* tls_mosq.c */ = {isa = PBXFileReference; fileEncoding = 4; lastKnownFileType = sourcecode.c.c; name = tls_mosq.c; path = mosquitto/lib/tls_mosq.c; sourceTree = "<group>"; };
		09CF6B4A1A21F7E600A97383 /* tls_mosq.h */ = {isa = PBXFileReference; fileEncoding = 4; lastKnownFileType = sourcecode.c.h; name = tls_mosq.h; path = mosquitto/lib/tls_mosq.h; sourceTree = "<group>"; };
		09CF6B4B1A21F7E600A97383 /* util_mosq.c */ = {isa = PBXFileReference; fileEncoding = 4; lastKnownFileType = sourcecode.c.c; name = util_mosq.c; path = mosquitto/lib/util_mosq.c; sourceTree = "<group>"; };
		09CF6B4C1A21F7E600A97383 /* util_mosq.h */ = {isa = PBXFileReference; fileEncoding = 4; lastKnownFileType = sourcecode.c.h; name = util_mosq.h; path = mosquitto/lib/util_mosq.h; sourceTree = "<group>"; };
		09CF6B4D1A21F7E600A97383 /* will_mosq.c */ = {isa = PBXFileReference; fileEncoding = 4; lastKnownFileType = sourcecode.c.c; name = will_mosq.c; path = mosquitto/lib/will_mosq.c; sourceTree = "<group>"; };
		09CF6B4E1A21F7E600A97383 /* will_mosq.h */ = {isa = PBXFileReference; fileEncoding = 4; lastKnownFileType = sourcecode.c.h; name = will_mosq.h; path = mosquitto/lib/will_mosq.h; sourceTree = "<group>"; };
		09CF6B6F1A21F88000A97383 /* Moscapsule.swift */ = {isa = PBXFileReference; fileEncoding = 4; lastKnownFileType = sourcecode.swift; path = Moscapsule.swift; sourceTree = "<group>"; };
		09FB79161BB6FA4100B22BAA /* cert.bundle */ = {isa = PBXFileReference; lastKnownFileType = "wrapper.plug-in"; path = cert.bundle; sourceTree = "<group>"; };
		C7360CC21A2435A8001F490F /* MosquittoCallbackBridge.m */ = {isa = PBXFileReference; fileEncoding = 4; lastKnownFileType = sourcecode.c.objc; path = MosquittoCallbackBridge.m; sourceTree = "<group>"; };
		C7360CC41A243949001F490F /* MosquittoCallbackBridge.h */ = {isa = PBXFileReference; lastKnownFileType = sourcecode.c.h; path = MosquittoCallbackBridge.h; sourceTree = "<group>"; };
		C7D24C911A3E94AC00C33384 /* download_mosquitto.sh */ = {isa = PBXFileReference; lastKnownFileType = text.script.sh; path = download_mosquitto.sh; sourceTree = SOURCE_ROOT; };
/* End PBXFileReference section */

/* Begin PBXFrameworksBuildPhase section */
		09CF6B0F1A21F78700A97383 /* Frameworks */ = {
			isa = PBXFrameworksBuildPhase;
			buildActionMask = 2147483647;
			files = (
			);
			runOnlyForDeploymentPostprocessing = 0;
		};
		09CF6B1B1A21F78700A97383 /* Frameworks */ = {
			isa = PBXFrameworksBuildPhase;
			buildActionMask = 2147483647;
			files = (
				09CF6B1F1A21F78700A97383 /* Moscapsule.framework in Frameworks */,
			);
			runOnlyForDeploymentPostprocessing = 0;
		};
/* End PBXFrameworksBuildPhase section */

/* Begin PBXGroup section */
		08AD169E260075AF00CD5B14 /* include */ = {
			isa = PBXGroup;
			children = (
				08AD16A3260075E500CD5B14 /* mosquitto_broker.h */,
				08AD16A0260075E500CD5B14 /* mosquitto_plugin.h */,
				08AD16A1260075E500CD5B14 /* mosquitto.h */,
				08AD16A2260075E500CD5B14 /* mqtt_protocol.h */,
			);
			name = include;
			sourceTree = "<group>";
		};
		08AD169F260075D600CD5B14 /* deps */ = {
			isa = PBXGroup;
			children = (
				08AD16AA2600760100CD5B14 /* uthash.h */,
				08AD16AB2600760100CD5B14 /* utlist.h */,
			);
			name = deps;
			sourceTree = "<group>";
		};
		09CF6B091A21F78700A97383 = {
			isa = PBXGroup;
			children = (
				09CF6B2F1A21F7C600A97383 /* mosquitto */,
				09CF6B151A21F78700A97383 /* Moscapsule */,
				09CF6B221A21F78700A97383 /* MoscapsuleTests */,
				09CF6B141A21F78700A97383 /* Products */,
			);
			sourceTree = "<group>";
		};
		09CF6B141A21F78700A97383 /* Products */ = {
			isa = PBXGroup;
			children = (
				09CF6B131A21F78700A97383 /* Moscapsule.framework */,
				09CF6B1E1A21F78700A97383 /* MoscapsuleTests.xctest */,
			);
			name = Products;
			sourceTree = "<group>";
		};
		09CF6B151A21F78700A97383 /* Moscapsule */ = {
			isa = PBXGroup;
			children = (
				09CF6B6F1A21F88000A97383 /* Moscapsule.swift */,
				09CF6B181A21F78700A97383 /* Moscapsule.h */,
				09CF6B161A21F78700A97383 /* Supporting Files */,
				C7360CC21A2435A8001F490F /* MosquittoCallbackBridge.m */,
				C7360CC41A243949001F490F /* MosquittoCallbackBridge.h */,
			);
			path = Moscapsule;
			sourceTree = "<group>";
		};
		09CF6B161A21F78700A97383 /* Supporting Files */ = {
			isa = PBXGroup;
			children = (
				C7D24C911A3E94AC00C33384 /* download_mosquitto.sh */,
				09CF6B171A21F78700A97383 /* Info.plist */,
			);
			name = "Supporting Files";
			sourceTree = "<group>";
		};
		09CF6B221A21F78700A97383 /* MoscapsuleTests */ = {
			isa = PBXGroup;
			children = (
				09CF6B251A21F78700A97383 /* MoscapsuleTests.swift */,
				09FB79161BB6FA4100B22BAA /* cert.bundle */,
				09CF6B231A21F78700A97383 /* Supporting Files */,
			);
			path = MoscapsuleTests;
			sourceTree = "<group>";
		};
		09CF6B231A21F78700A97383 /* Supporting Files */ = {
			isa = PBXGroup;
			children = (
				09CF6B241A21F78700A97383 /* Info.plist */,
			);
			name = "Supporting Files";
			sourceTree = "<group>";
		};
		09CF6B2F1A21F7C600A97383 /* mosquitto */ = {
			isa = PBXGroup;
			children = (
				08AD16B2260076F700CD5B14 /* config.h */,
				08AD169F260075D600CD5B14 /* deps */,
				08AD169E260075AF00CD5B14 /* include */,
				09CF6B301A21F7D100A97383 /* lib */,
			);
			name = mosquitto;
			sourceTree = "<group>";
		};
		09CF6B301A21F7D100A97383 /* lib */ = {
			isa = PBXGroup;
			children = (
				08AD16712600759800CD5B14 /* actions.c */,
				08AD16692600759800CD5B14 /* alias_mosq.c */,
				08AD16702600759800CD5B14 /* alias_mosq.h */,
				08AD16772600759800CD5B14 /* callbacks.c */,
				08AD165A2600759800CD5B14 /* connect.c */,
				08AD16582600759800CD5B14 /* handle_auth.c */,
				08AD16592600759800CD5B14 /* handle_connack.c */,
				08AD16782600759800CD5B14 /* handle_disconnect.c */,
				08AD16642600759800CD5B14 /* handle_ping.c */,
				08AD16722600759800CD5B14 /* handle_pubackcomp.c */,
				08AD166C2600759800CD5B14 /* handle_publish.c */,
				08AD16762600759800CD5B14 /* handle_pubrec.c */,
				08AD165B2600759800CD5B14 /* handle_pubrel.c */,
				08AD166F2600759800CD5B14 /* handle_suback.c */,
				08AD165D2600759800CD5B14 /* handle_unsuback.c */,
				08AD16612600759800CD5B14 /* helpers.c */,
				08AD16672600759800CD5B14 /* loop.c */,
				08AD166D2600759800CD5B14 /* misc_mosq.c */,
				08AD166E2600759800CD5B14 /* misc_mosq.h */,
				08AD165F2600759800CD5B14 /* net_mosq_ocsp.c */,
				08AD166A2600759800CD5B14 /* options.c */,
				08AD166B2600759800CD5B14 /* packet_datatypes.c */,
				08AD16792600759800CD5B14 /* packet_mosq.c */,
				08AD16732600759800CD5B14 /* packet_mosq.h */,
				08AD16652600759800CD5B14 /* property_mosq.c */,
				08AD165C2600759800CD5B14 /* property_mosq.h */,
				08AD16632600759800CD5B14 /* send_connect.c */,
				08AD16742600759800CD5B14 /* send_disconnect.c */,
				08AD16622600759800CD5B14 /* send_publish.c */,
				08AD165E2600759800CD5B14 /* send_subscribe.c */,
				08AD16662600759800CD5B14 /* send_unsubscribe.c */,
				08AD16752600759800CD5B14 /* strings_mosq.c */,
				08AD16682600759800CD5B14 /* utf8_mosq.c */,
				08AD16602600759800CD5B14 /* util_topic.c */,
				09CF6B311A21F7E600A97383 /* dummypthread.h */,
				09CF6B321A21F7E600A97383 /* logging_mosq.c */,
				09CF6B331A21F7E600A97383 /* logging_mosq.h */,
				09CF6B341A21F7E600A97383 /* memory_mosq.c */,
				09CF6B351A21F7E600A97383 /* memory_mosq.h */,
				09CF6B361A21F7E600A97383 /* messages_mosq.c */,
				09CF6B371A21F7E600A97383 /* messages_mosq.h */,
				09CF6B381A21F7E600A97383 /* mosquitto_internal.h */,
				09CF6B391A21F7E600A97383 /* mosquitto.c */,
				09CF6B3C1A21F7E600A97383 /* net_mosq.c */,
				09CF6B3D1A21F7E600A97383 /* net_mosq.h */,
				09CF6B401A21F7E600A97383 /* read_handle.c */,
				09CF6B411A21F7E600A97383 /* read_handle.h */,
				09CF6B431A21F7E600A97383 /* send_mosq.c */,
				09CF6B441A21F7E600A97383 /* send_mosq.h */,
				094821021B0E2EB600099178 /* socks_mosq.c */,
				094821031B0E2EB600099178 /* socks_mosq.h */,
				09CF6B451A21F7E600A97383 /* srv_mosq.c */,
				09CF6B461A21F7E600A97383 /* thread_mosq.c */,
				09CF6B471A21F7E600A97383 /* time_mosq.c */,
				09CF6B481A21F7E600A97383 /* time_mosq.h */,
				09CF6B491A21F7E600A97383 /* tls_mosq.c */,
				09CF6B4A1A21F7E600A97383 /* tls_mosq.h */,
				09CF6B4B1A21F7E600A97383 /* util_mosq.c */,
				09CF6B4C1A21F7E600A97383 /* util_mosq.h */,
				09CF6B4D1A21F7E600A97383 /* will_mosq.c */,
				09CF6B4E1A21F7E600A97383 /* will_mosq.h */,
			);
			name = lib;
			sourceTree = "<group>";
		};
/* End PBXGroup section */

/* Begin PBXHeadersBuildPhase section */
		09CF6B101A21F78700A97383 /* Headers */ = {
			isa = PBXHeadersBuildPhase;
			buildActionMask = 2147483647;
			files = (
				09CF6B191A21F78700A97383 /* Moscapsule.h in Headers */,
				C7360CC51A243AB9001F490F /* MosquittoCallbackBridge.h in Headers */,
				08AD16A5260075E500CD5B14 /* mosquitto.h in Headers */,
				08AD16902600759800CD5B14 /* misc_mosq.h in Headers */,
				09CF6B4F1A21F7E600A97383 /* dummypthread.h in Headers */,
				08AD16A6260075E500CD5B14 /* mqtt_protocol.h in Headers */,
				09CF6B621A21F7E600A97383 /* send_mosq.h in Headers */,
				09CF6B681A21F7E600A97383 /* tls_mosq.h in Headers */,
				08AD16922600759800CD5B14 /* alias_mosq.h in Headers */,
				08AD167E2600759800CD5B14 /* property_mosq.h in Headers */,
				08AD16B3260076F700CD5B14 /* config.h in Headers */,
				08AD16AD2600760100CD5B14 /* utlist.h in Headers */,
				08AD16A4260075E500CD5B14 /* mosquitto_plugin.h in Headers */,
				08AD16AC2600760100CD5B14 /* uthash.h in Headers */,
				09CF6B6A1A21F7E600A97383 /* util_mosq.h in Headers */,
				09CF6B551A21F7E600A97383 /* messages_mosq.h in Headers */,
				09CF6B511A21F7E600A97383 /* logging_mosq.h in Headers */,
				09CF6B561A21F7E600A97383 /* mosquitto_internal.h in Headers */,
				094821051B0E2EB600099178 /* socks_mosq.h in Headers */,
				08AD16A7260075E500CD5B14 /* mosquitto_broker.h in Headers */,
				08AD16952600759800CD5B14 /* packet_mosq.h in Headers */,
				09CF6B661A21F7E600A97383 /* time_mosq.h in Headers */,
				09CF6B6C1A21F7E600A97383 /* will_mosq.h in Headers */,
				09CF6B5F1A21F7E600A97383 /* read_handle.h in Headers */,
				09CF6B531A21F7E600A97383 /* memory_mosq.h in Headers */,
				09CF6B5B1A21F7E600A97383 /* net_mosq.h in Headers */,
			);
			runOnlyForDeploymentPostprocessing = 0;
		};
/* End PBXHeadersBuildPhase section */

/* Begin PBXNativeTarget section */
		09CF6B121A21F78700A97383 /* Moscapsule */ = {
			isa = PBXNativeTarget;
			buildConfigurationList = 09CF6B291A21F78700A97383 /* Build configuration list for PBXNativeTarget "Moscapsule" */;
			buildPhases = (
				09CF6B0E1A21F78700A97383 /* Sources */,
				09CF6B0F1A21F78700A97383 /* Frameworks */,
				09CF6B101A21F78700A97383 /* Headers */,
				09CF6B111A21F78700A97383 /* Resources */,
			);
			buildRules = (
			);
			dependencies = (
			);
			name = Moscapsule;
			productName = Moscapsule;
			productReference = 09CF6B131A21F78700A97383 /* Moscapsule.framework */;
			productType = "com.apple.product-type.framework";
		};
		09CF6B1D1A21F78700A97383 /* MoscapsuleTests */ = {
			isa = PBXNativeTarget;
			buildConfigurationList = 09CF6B2C1A21F78700A97383 /* Build configuration list for PBXNativeTarget "MoscapsuleTests" */;
			buildPhases = (
				09CF6B1A1A21F78700A97383 /* Sources */,
				09CF6B1B1A21F78700A97383 /* Frameworks */,
				09CF6B1C1A21F78700A97383 /* Resources */,
			);
			buildRules = (
			);
			dependencies = (
				09CF6B211A21F78700A97383 /* PBXTargetDependency */,
			);
			name = MoscapsuleTests;
			productName = MoscapsuleTests;
			productReference = 09CF6B1E1A21F78700A97383 /* MoscapsuleTests.xctest */;
			productType = "com.apple.product-type.bundle.unit-test";
		};
/* End PBXNativeTarget section */

/* Begin PBXProject section */
		09CF6B0A1A21F78700A97383 /* Project object */ = {
			isa = PBXProject;
			attributes = {
				LastSwiftMigration = 0700;
				LastSwiftUpdateCheck = 0700;
				LastUpgradeCheck = 1030;
				ORGANIZATIONNAME = flightonary;
				TargetAttributes = {
					09CF6B121A21F78700A97383 = {
						CreatedOnToolsVersion = 6.1;
						DevelopmentTeam = 2N39544D78;
						LastSwiftMigration = 1030;
					};
					09CF6B1D1A21F78700A97383 = {
						CreatedOnToolsVersion = 6.1;
						DevelopmentTeam = 2N39544D78;
						LastSwiftMigration = 1030;
					};
				};
			};
			buildConfigurationList = 09CF6B0D1A21F78700A97383 /* Build configuration list for PBXProject "Moscapsule" */;
			compatibilityVersion = "Xcode 3.2";
			developmentRegion = en;
			hasScannedForEncodings = 0;
			knownRegions = (
				en,
				Base,
			);
			mainGroup = 09CF6B091A21F78700A97383;
			productRefGroup = 09CF6B141A21F78700A97383 /* Products */;
			projectDirPath = "";
			projectRoot = "";
			targets = (
				09CF6B121A21F78700A97383 /* Moscapsule */,
				09CF6B1D1A21F78700A97383 /* MoscapsuleTests */,
			);
		};
/* End PBXProject section */

/* Begin PBXResourcesBuildPhase section */
		09CF6B111A21F78700A97383 /* Resources */ = {
			isa = PBXResourcesBuildPhase;
			buildActionMask = 2147483647;
			files = (
			);
			runOnlyForDeploymentPostprocessing = 0;
		};
		09CF6B1C1A21F78700A97383 /* Resources */ = {
			isa = PBXResourcesBuildPhase;
			buildActionMask = 2147483647;
			files = (
				09FB79171BB6FA4100B22BAA /* cert.bundle in Resources */,
			);
			runOnlyForDeploymentPostprocessing = 0;
		};
/* End PBXResourcesBuildPhase section */

/* Begin PBXSourcesBuildPhase section */
		09CF6B0E1A21F78700A97383 /* Sources */ = {
			isa = PBXSourcesBuildPhase;
			buildActionMask = 2147483647;
			files = (
				08AD16912600759800CD5B14 /* handle_suback.c in Sources */,
				08AD167A2600759800CD5B14 /* handle_auth.c in Sources */,
				08AD16822600759800CD5B14 /* util_topic.c in Sources */,
				08AD168A2600759800CD5B14 /* utf8_mosq.c in Sources */,
				08AD16972600759800CD5B14 /* strings_mosq.c in Sources */,
				08AD168E2600759800CD5B14 /* handle_publish.c in Sources */,
				09CF6B651A21F7E600A97383 /* time_mosq.c in Sources */,
				08AD16892600759800CD5B14 /* loop.c in Sources */,
				08AD167F2600759800CD5B14 /* handle_unsuback.c in Sources */,
				09CF6B611A21F7E600A97383 /* send_mosq.c in Sources */,
				09CF6B6B1A21F7E600A97383 /* will_mosq.c in Sources */,
				08AD169B2600759800CD5B14 /* packet_mosq.c in Sources */,
				08AD168C2600759800CD5B14 /* options.c in Sources */,
				08AD16812600759800CD5B14 /* net_mosq_ocsp.c in Sources */,
				08AD16962600759800CD5B14 /* send_disconnect.c in Sources */,
				09CF6B701A21F88000A97383 /* Moscapsule.swift in Sources */,
				094821041B0E2EB600099178 /* socks_mosq.c in Sources */,
				08AD168F2600759800CD5B14 /* misc_mosq.c in Sources */,
				08AD16842600759800CD5B14 /* send_publish.c in Sources */,
				08AD16982600759800CD5B14 /* handle_pubrec.c in Sources */,
				08AD16872600759800CD5B14 /* property_mosq.c in Sources */,
				08AD16852600759800CD5B14 /* send_connect.c in Sources */,
				09CF6B5A1A21F7E600A97383 /* net_mosq.c in Sources */,
				09CF6B541A21F7E600A97383 /* messages_mosq.c in Sources */,
				09CF6B631A21F7E600A97383 /* srv_mosq.c in Sources */,
				08AD167B2600759800CD5B14 /* handle_connack.c in Sources */,
				08AD167C2600759800CD5B14 /* connect.c in Sources */,
				09CF6B571A21F7E600A97383 /* mosquitto.c in Sources */,
				C7360CC31A2435A8001F490F /* MosquittoCallbackBridge.m in Sources */,
				08AD16992600759800CD5B14 /* callbacks.c in Sources */,
				08AD167D2600759800CD5B14 /* handle_pubrel.c in Sources */,
				08AD16932600759800CD5B14 /* actions.c in Sources */,
				08AD169A2600759800CD5B14 /* handle_disconnect.c in Sources */,
				08AD168D2600759800CD5B14 /* packet_datatypes.c in Sources */,
				08AD16942600759800CD5B14 /* handle_pubackcomp.c in Sources */,
				08AD16862600759800CD5B14 /* handle_ping.c in Sources */,
				09CF6B671A21F7E600A97383 /* tls_mosq.c in Sources */,
				09CF6B521A21F7E600A97383 /* memory_mosq.c in Sources */,
				08AD16832600759800CD5B14 /* helpers.c in Sources */,
				08AD168B2600759800CD5B14 /* alias_mosq.c in Sources */,
				09CF6B5E1A21F7E600A97383 /* read_handle.c in Sources */,
				08AD16882600759800CD5B14 /* send_unsubscribe.c in Sources */,
				09CF6B641A21F7E600A97383 /* thread_mosq.c in Sources */,
				09CF6B691A21F7E600A97383 /* util_mosq.c in Sources */,
				08AD16802600759800CD5B14 /* send_subscribe.c in Sources */,
				09CF6B501A21F7E600A97383 /* logging_mosq.c in Sources */,
			);
			runOnlyForDeploymentPostprocessing = 0;
		};
		09CF6B1A1A21F78700A97383 /* Sources */ = {
			isa = PBXSourcesBuildPhase;
			buildActionMask = 2147483647;
			files = (
				09CF6B261A21F78700A97383 /* MoscapsuleTests.swift in Sources */,
			);
			runOnlyForDeploymentPostprocessing = 0;
		};
/* End PBXSourcesBuildPhase section */

/* Begin PBXTargetDependency section */
		09CF6B211A21F78700A97383 /* PBXTargetDependency */ = {
			isa = PBXTargetDependency;
			target = 09CF6B121A21F78700A97383 /* Moscapsule */;
			targetProxy = 09CF6B201A21F78700A97383 /* PBXContainerItemProxy */;
		};
/* End PBXTargetDependency section */

/* Begin XCBuildConfiguration section */
		09CF6B271A21F78700A97383 /* Debug */ = {
			isa = XCBuildConfiguration;
			buildSettings = {
				ALWAYS_SEARCH_USER_PATHS = NO;
				CLANG_ANALYZER_LOCALIZABILITY_NONLOCALIZED = YES;
				CLANG_CXX_LANGUAGE_STANDARD = "gnu++0x";
				CLANG_CXX_LIBRARY = "libc++";
				CLANG_ENABLE_MODULES = YES;
				CLANG_ENABLE_OBJC_ARC = YES;
				CLANG_WARN_BLOCK_CAPTURE_AUTORELEASING = YES;
				CLANG_WARN_BOOL_CONVERSION = YES;
				CLANG_WARN_COMMA = YES;
				CLANG_WARN_CONSTANT_CONVERSION = YES;
				CLANG_WARN_DEPRECATED_OBJC_IMPLEMENTATIONS = YES;
				CLANG_WARN_DIRECT_OBJC_ISA_USAGE = YES_ERROR;
				CLANG_WARN_EMPTY_BODY = YES;
				CLANG_WARN_ENUM_CONVERSION = YES;
				CLANG_WARN_INFINITE_RECURSION = YES;
				CLANG_WARN_INT_CONVERSION = YES;
				CLANG_WARN_NON_LITERAL_NULL_CONVERSION = YES;
				CLANG_WARN_OBJC_IMPLICIT_RETAIN_SELF = YES;
				CLANG_WARN_OBJC_LITERAL_CONVERSION = YES;
				CLANG_WARN_OBJC_ROOT_CLASS = YES_ERROR;
				CLANG_WARN_RANGE_LOOP_ANALYSIS = YES;
				CLANG_WARN_STRICT_PROTOTYPES = YES;
				CLANG_WARN_SUSPICIOUS_MOVE = YES;
				CLANG_WARN_UNREACHABLE_CODE = YES;
				CLANG_WARN__DUPLICATE_METHOD_MATCH = YES;
				"CODE_SIGN_IDENTITY[sdk=iphoneos*]" = "iPhone Developer";
				COPY_PHASE_STRIP = NO;
				CURRENT_PROJECT_VERSION = 1;
				ENABLE_STRICT_OBJC_MSGSEND = YES;
				ENABLE_TESTABILITY = YES;
				GCC_C_LANGUAGE_STANDARD = gnu99;
				GCC_DYNAMIC_NO_PIC = NO;
				GCC_NO_COMMON_BLOCKS = YES;
				GCC_OPTIMIZATION_LEVEL = 0;
				GCC_PREPROCESSOR_DEFINITIONS = (
					"DEBUG=1",
					"$(inherited)",
				);
				GCC_SYMBOLS_PRIVATE_EXTERN = NO;
				GCC_WARN_64_TO_32_BIT_CONVERSION = YES;
				GCC_WARN_ABOUT_RETURN_TYPE = YES_ERROR;
				GCC_WARN_UNDECLARED_SELECTOR = YES;
				GCC_WARN_UNINITIALIZED_AUTOS = YES_AGGRESSIVE;
				GCC_WARN_UNUSED_FUNCTION = YES;
				GCC_WARN_UNUSED_VARIABLE = YES;
				IPHONEOS_DEPLOYMENT_TARGET = 10.0;
				MTL_ENABLE_DEBUG_INFO = YES;
				ONLY_ACTIVE_ARCH = YES;
				SDKROOT = iphoneos;
				SWIFT_OPTIMIZATION_LEVEL = "-Onone";
				SWIFT_SWIFT3_OBJC_INFERENCE = Off;
				SWIFT_VERSION = 4.0;
				TARGETED_DEVICE_FAMILY = "1,2";
				VERSIONING_SYSTEM = "apple-generic";
				VERSION_INFO_PREFIX = "";
			};
			name = Debug;
		};
		09CF6B281A21F78700A97383 /* Release */ = {
			isa = XCBuildConfiguration;
			buildSettings = {
				ALWAYS_SEARCH_USER_PATHS = NO;
				CLANG_ANALYZER_LOCALIZABILITY_NONLOCALIZED = YES;
				CLANG_CXX_LANGUAGE_STANDARD = "gnu++0x";
				CLANG_CXX_LIBRARY = "libc++";
				CLANG_ENABLE_MODULES = YES;
				CLANG_ENABLE_OBJC_ARC = YES;
				CLANG_WARN_BLOCK_CAPTURE_AUTORELEASING = YES;
				CLANG_WARN_BOOL_CONVERSION = YES;
				CLANG_WARN_COMMA = YES;
				CLANG_WARN_CONSTANT_CONVERSION = YES;
				CLANG_WARN_DEPRECATED_OBJC_IMPLEMENTATIONS = YES;
				CLANG_WARN_DIRECT_OBJC_ISA_USAGE = YES_ERROR;
				CLANG_WARN_EMPTY_BODY = YES;
				CLANG_WARN_ENUM_CONVERSION = YES;
				CLANG_WARN_INFINITE_RECURSION = YES;
				CLANG_WARN_INT_CONVERSION = YES;
				CLANG_WARN_NON_LITERAL_NULL_CONVERSION = YES;
				CLANG_WARN_OBJC_IMPLICIT_RETAIN_SELF = YES;
				CLANG_WARN_OBJC_LITERAL_CONVERSION = YES;
				CLANG_WARN_OBJC_ROOT_CLASS = YES_ERROR;
				CLANG_WARN_RANGE_LOOP_ANALYSIS = YES;
				CLANG_WARN_STRICT_PROTOTYPES = YES;
				CLANG_WARN_SUSPICIOUS_MOVE = YES;
				CLANG_WARN_UNREACHABLE_CODE = YES;
				CLANG_WARN__DUPLICATE_METHOD_MATCH = YES;
				"CODE_SIGN_IDENTITY[sdk=iphoneos*]" = "iPhone Developer";
				COPY_PHASE_STRIP = YES;
				CURRENT_PROJECT_VERSION = 1;
				ENABLE_NS_ASSERTIONS = NO;
				ENABLE_STRICT_OBJC_MSGSEND = YES;
				GCC_C_LANGUAGE_STANDARD = gnu99;
				GCC_NO_COMMON_BLOCKS = YES;
				GCC_WARN_64_TO_32_BIT_CONVERSION = YES;
				GCC_WARN_ABOUT_RETURN_TYPE = YES_ERROR;
				GCC_WARN_UNDECLARED_SELECTOR = YES;
				GCC_WARN_UNINITIALIZED_AUTOS = YES_AGGRESSIVE;
				GCC_WARN_UNUSED_FUNCTION = YES;
				GCC_WARN_UNUSED_VARIABLE = YES;
				IPHONEOS_DEPLOYMENT_TARGET = 10.0;
				MTL_ENABLE_DEBUG_INFO = NO;
				SDKROOT = iphoneos;
				SWIFT_OPTIMIZATION_LEVEL = "-Owholemodule";
				SWIFT_SWIFT3_OBJC_INFERENCE = Off;
				SWIFT_VERSION = 4.0;
				TARGETED_DEVICE_FAMILY = "1,2";
				VALIDATE_PRODUCT = YES;
				VERSIONING_SYSTEM = "apple-generic";
				VERSION_INFO_PREFIX = "";
			};
			name = Release;
		};
		09CF6B2A1A21F78700A97383 /* Debug */ = {
			isa = XCBuildConfiguration;
			buildSettings = {
				APPLICATION_EXTENSION_API_ONLY = YES;
				CLANG_ENABLE_MODULES = YES;
				CODE_SIGN_IDENTITY = "iPhone Developer";
				"CODE_SIGN_IDENTITY[sdk=iphoneos*]" = "";
				DEFINES_MODULE = YES;
				DEVELOPMENT_TEAM = 2N39544D78;
				DYLIB_COMPATIBILITY_VERSION = 1;
				DYLIB_CURRENT_VERSION = 1;
				DYLIB_INSTALL_NAME_BASE = "@rpath";
				ENABLE_BITCODE = NO;
				HEADER_SEARCH_PATHS = (
					"$(inherited)",
					/Applications/Xcode.app/Contents/Developer/Toolchains/XcodeDefault.xctoolchain/usr/include,
					"./submodules/OpenSSL/include-ios",
				);
				INFOPLIST_FILE = Moscapsule/Info.plist;
				INSTALL_PATH = "$(LOCAL_LIBRARY_DIR)/Frameworks";
				IPHONEOS_DEPLOYMENT_TARGET = 8.0;
				LD_RUNPATH_SEARCH_PATHS = "$(inherited) @executable_path/Frameworks @loader_path/Frameworks";
				LIBRARY_SEARCH_PATHS = "./submodules/OpenSSL/lib-ios";
				OTHER_CFLAGS = (
					"-DWITH_THREADING",
					"-DWITH_TLS",
					"-DWITH_TLS_PSK",
				);
				OTHER_LDFLAGS = (
					"-lssl",
					"-lcrypto",
				);
				PRODUCT_BUNDLE_IDENTIFIER = "com.github.flightonary.$(PRODUCT_NAME:rfc1034identifier)";
				PRODUCT_NAME = "$(TARGET_NAME)";
				SKIP_INSTALL = YES;
				SWIFT_OPTIMIZATION_LEVEL = "-Onone";
				SWIFT_VERSION = 5.0;
				USER_HEADER_SEARCH_PATHS = "";
			};
			name = Debug;
		};
		09CF6B2B1A21F78700A97383 /* Release */ = {
			isa = XCBuildConfiguration;
			buildSettings = {
				APPLICATION_EXTENSION_API_ONLY = YES;
				CLANG_ENABLE_MODULES = YES;
				CODE_SIGN_IDENTITY = "iPhone Developer";
				"CODE_SIGN_IDENTITY[sdk=iphoneos*]" = "";
				DEFINES_MODULE = YES;
				DEVELOPMENT_TEAM = 2N39544D78;
				DYLIB_COMPATIBILITY_VERSION = 1;
				DYLIB_CURRENT_VERSION = 1;
				DYLIB_INSTALL_NAME_BASE = "@rpath";
				ENABLE_BITCODE = NO;
				HEADER_SEARCH_PATHS = (
					"$(inherited)",
					/Applications/Xcode.app/Contents/Developer/Toolchains/XcodeDefault.xctoolchain/usr/include,
					"./submodules/OpenSSL/include-ios",
				);
				INFOPLIST_FILE = Moscapsule/Info.plist;
				INSTALL_PATH = "$(LOCAL_LIBRARY_DIR)/Frameworks";
				IPHONEOS_DEPLOYMENT_TARGET = 8.0;
				LD_RUNPATH_SEARCH_PATHS = "$(inherited) @executable_path/Frameworks @loader_path/Frameworks";
				LIBRARY_SEARCH_PATHS = "./submodules/OpenSSL/lib-ios";
				OTHER_CFLAGS = (
					"-DWITH_THREADING",
					"-DWITH_TLS",
					"-DWITH_TLS_PSK",
				);
				OTHER_LDFLAGS = (
					"-lssl",
					"-lcrypto",
				);
				PRODUCT_BUNDLE_IDENTIFIER = "com.github.flightonary.$(PRODUCT_NAME:rfc1034identifier)";
				PRODUCT_NAME = "$(TARGET_NAME)";
				SKIP_INSTALL = YES;
				SWIFT_VERSION = 5.0;
				USER_HEADER_SEARCH_PATHS = "";
			};
			name = Release;
		};
		09CF6B2D1A21F78700A97383 /* Debug */ = {
			isa = XCBuildConfiguration;
			buildSettings = {
				DEVELOPMENT_TEAM = 2N39544D78;
				FRAMEWORK_SEARCH_PATHS = "$(inherited)";
				GCC_PREPROCESSOR_DEFINITIONS = (
					"DEBUG=1",
					"$(inherited)",
				);
				INFOPLIST_FILE = MoscapsuleTests/Info.plist;
				LD_RUNPATH_SEARCH_PATHS = "$(inherited) @executable_path/Frameworks @loader_path/Frameworks";
				PRODUCT_BUNDLE_IDENTIFIER = "com.github.flightonary.$(PRODUCT_NAME:rfc1034identifier)";
				PRODUCT_NAME = "$(TARGET_NAME)";
				SWIFT_VERSION = 5.0;
			};
			name = Debug;
		};
		09CF6B2E1A21F78700A97383 /* Release */ = {
			isa = XCBuildConfiguration;
			buildSettings = {
				DEVELOPMENT_TEAM = 2N39544D78;
				FRAMEWORK_SEARCH_PATHS = "$(inherited)";
				INFOPLIST_FILE = MoscapsuleTests/Info.plist;
				LD_RUNPATH_SEARCH_PATHS = "$(inherited) @executable_path/Frameworks @loader_path/Frameworks";
				PRODUCT_BUNDLE_IDENTIFIER = "com.github.flightonary.$(PRODUCT_NAME:rfc1034identifier)";
				PRODUCT_NAME = "$(TARGET_NAME)";
				SWIFT_VERSION = 5.0;
			};
			name = Release;
		};
/* End XCBuildConfiguration section */

/* Begin XCConfigurationList section */
		09CF6B0D1A21F78700A97383 /* Build configuration list for PBXProject "Moscapsule" */ = {
			isa = XCConfigurationList;
			buildConfigurations = (
				09CF6B271A21F78700A97383 /* Debug */,
				09CF6B281A21F78700A97383 /* Release */,
			);
			defaultConfigurationIsVisible = 0;
			defaultConfigurationName = Release;
		};
		09CF6B291A21F78700A97383 /* Build configuration list for PBXNativeTarget "Moscapsule" */ = {
			isa = XCConfigurationList;
			buildConfigurations = (
				09CF6B2A1A21F78700A97383 /* Debug */,
				09CF6B2B1A21F78700A97383 /* Release */,
			);
			defaultConfigurationIsVisible = 0;
			defaultConfigurationName = Release;
		};
		09CF6B2C1A21F78700A97383 /* Build configuration list for PBXNativeTarget "MoscapsuleTests" */ = {
			isa = XCConfigurationList;
			buildConfigurations = (
				09CF6B2D1A21F78700A97383 /* Debug */,
				09CF6B2E1A21F78700A97383 /* Release */,
			);
			defaultConfigurationIsVisible = 0;
			defaultConfigurationName = Release;
		};
/* End XCConfigurationList section */
	};
	rootObject = 09CF6B0A1A21F78700A97383 /* Project object */;
}
